
Microsoft Visual Studio Solution File, Format Version 12.00
# Visual Studio Version 16
VisualStudioVersion = 16.0.30011.22
MinimumVisualStudioVersion = 10.0.40219.1
Project("{9A19103F-16F7-4668-BE54-9A1E7A4F7556}") = "FriendsWorld", "FriendsWorld\FriendsWorld.csproj", "{88AE6E7B-84B5-4225-95D3-4DEB44CC540A}"
EndProject
Project("{00D1A9C2-B5F0-4AF3-8072-F6C62B433612}") = "FriendsWorldDB", "FriendsWorldDB\FriendsWorldDB.sqlproj", "{E4B5B0E9-C806-4F06-BB21-3425D096D12E}"
EndProject
Global
	GlobalSection(SolutionConfigurationPlatforms) = preSolution
		Debug|Any CPU = Debug|Any CPU
		Release|Any CPU = Release|Any CPU
	EndGlobalSection
	GlobalSection(ProjectConfigurationPlatforms) = postSolution
		{88AE6E7B-84B5-4225-95D3-4DEB44CC540A}.Debug|Any CPU.ActiveCfg = Debug|Any CPU
		{88AE6E7B-84B5-4225-95D3-4DEB44CC540A}.Debug|Any CPU.Build.0 = Debug|Any CPU
		{88AE6E7B-84B5-4225-95D3-4DEB44CC540A}.Release|Any CPU.ActiveCfg = Release|Any CPU
		{88AE6E7B-84B5-4225-95D3-4DEB44CC540A}.Release|Any CPU.Build.0 = Release|Any CPU
		{E4B5B0E9-C806-4F06-BB21-3425D096D12E}.Debug|Any CPU.ActiveCfg = Debug|Any CPU
		{E4B5B0E9-C806-4F06-BB21-3425D096D12E}.Debug|Any CPU.Build.0 = Debug|Any CPU
		{E4B5B0E9-C806-4F06-BB21-3425D096D12E}.Debug|Any CPU.Deploy.0 = Debug|Any CPU
		{E4B5B0E9-C806-4F06-BB21-3425D096D12E}.Release|Any CPU.ActiveCfg = Release|Any CPU
		{E4B5B0E9-C806-4F06-BB21-3425D096D12E}.Release|Any CPU.Build.0 = Release|Any CPU
		{E4B5B0E9-C806-4F06-BB21-3425D096D12E}.Release|Any CPU.Deploy.0 = Release|Any CPU
	EndGlobalSection
	GlobalSection(SolutionProperties) = preSolution
		HideSolutionNode = FALSE
	EndGlobalSection
	GlobalSection(ExtensibilityGlobals) = postSolution
		SolutionGuid = {5204AA9F-50CA-4C3D-90D3-54EBC9F4965A}
	EndGlobalSection
EndGlobal
